// !$*UTF8*$!
{
	archiveVersion = 1;
	classes = {
	};
	objectVersion = 50;
	objects = {

/* Begin PBXBuildFile section */
		C08A738E214AD07A0081DF13 /* Scene.sks in Resources */ = {isa = PBXBuildFile; fileRef = C08A738D214AD0790081DF13 /* Scene.sks */; };
		C08B5BE7214A43EC00516866 /* AppDelegate.swift in Sources */ = {isa = PBXBuildFile; fileRef = C08B5BE6214A43EC00516866 /* AppDelegate.swift */; };
		C08B5BEB214A43EC00516866 /* Scene.swift in Sources */ = {isa = PBXBuildFile; fileRef = C08B5BEA214A43EC00516866 /* Scene.swift */; };
		C08B5BED214A43EC00516866 /* ViewController.swift in Sources */ = {isa = PBXBuildFile; fileRef = C08B5BEC214A43EC00516866 /* ViewController.swift */; };
		C08B5BF0214A43EC00516866 /* Main.storyboard in Resources */ = {isa = PBXBuildFile; fileRef = C08B5BEE214A43EC00516866 /* Main.storyboard */; };
		C08B5BF2214A43ED00516866 /* Assets.xcassets in Resources */ = {isa = PBXBuildFile; fileRef = C08B5BF1214A43ED00516866 /* Assets.xcassets */; };
		C08B5BF5214A43ED00516866 /* LaunchScreen.storyboard in Resources */ = {isa = PBXBuildFile; fileRef = C08B5BF3214A43ED00516866 /* LaunchScreen.storyboard */; };
		C08B5BFD214A5F4700516866 /* URLAnchor.swift in Sources */ = {isa = PBXBuildFile; fileRef = C08B5BFC214A5F4700516866 /* URLAnchor.swift */; };
/* End PBXBuildFile section */

/* Begin PBXFileReference section */
		C08A738D214AD0790081DF13 /* Scene.sks */ = {isa = PBXFileReference; lastKnownFileType = file.sks; name = Scene.sks; path = ../../../ARBoomarks/ARBoomarks/Scene.sks; sourceTree = "<group>"; };
		C08B5BE3214A43EC00516866 /* ARBookmarks.app */ = {isa = PBXFileReference; explicitFileType = wrapper.application; includeInIndex = 0; path = ARBookmarks.app; sourceTree = BUILT_PRODUCTS_DIR; };
		C08B5BE6214A43EC00516866 /* AppDelegate.swift */ = {isa = PBXFileReference; lastKnownFileType = sourcecode.swift; path = AppDelegate.swift; sourceTree = "<group>"; };
		C08B5BEA214A43EC00516866 /* Scene.swift */ = {isa = PBXFileReference; lastKnownFileType = sourcecode.swift; path = Scene.swift; sourceTree = "<group>"; };
		C08B5BEC214A43EC00516866 /* ViewController.swift */ = {isa = PBXFileReference; lastKnownFileType = sourcecode.swift; path = ViewController.swift; sourceTree = "<group>"; };
		C08B5BEF214A43EC00516866 /* Base */ = {isa = PBXFileReference; lastKnownFileType = file.storyboard; name = Base; path = Base.lproj/Main.storyboard; sourceTree = "<group>"; };
		C08B5BF1214A43ED00516866 /* Assets.xcassets */ = {isa = PBXFileReference; lastKnownFileType = folder.assetcatalog; path = Assets.xcassets; sourceTree = "<group>"; };
		C08B5BF4214A43ED00516866 /* Base */ = {isa = PBXFileReference; lastKnownFileType = file.storyboard; name = Base; path = Base.lproj/LaunchScreen.storyboard; sourceTree = "<group>"; };
		C08B5BF6214A43ED00516866 /* Info.plist */ = {isa = PBXFileReference; lastKnownFileType = text.plist.xml; path = Info.plist; sourceTree = "<group>"; };
		C08B5BFC214A5F4700516866 /* URLAnchor.swift */ = {isa = PBXFileReference; lastKnownFileType = sourcecode.swift; path = URLAnchor.swift; sourceTree = "<group>"; };
/* End PBXFileReference section */

/* Begin PBXFrameworksBuildPhase section */
		C08B5BE0214A43EC00516866 /* Frameworks */ = {
			isa = PBXFrameworksBuildPhase;
			buildActionMask = 2147483647;
			files = (
			);
			runOnlyForDeploymentPostprocessing = 0;
		};
/* End PBXFrameworksBuildPhase section */

/* Begin PBXGroup section */
		C08B5BDA214A43EC00516866 = {
			isa = PBXGroup;
			children = (
				C08B5BE5214A43EC00516866 /* ARBookmarks */,
				C08B5BE4214A43EC00516866 /* Products */,
			);
			sourceTree = "<group>";
		};
		C08B5BE4214A43EC00516866 /* Products */ = {
			isa = PBXGroup;
			children = (
				C08B5BE3214A43EC00516866 /* ARBookmarks.app */,
			);
			name = Products;
			sourceTree = "<group>";
		};
		C08B5BE5214A43EC00516866 /* ARBookmarks */ = {
			isa = PBXGroup;
			children = (
				C08B5BE6214A43EC00516866 /* AppDelegate.swift */,
				C08A738D214AD0790081DF13 /* Scene.sks */,
				C08B5BEA214A43EC00516866 /* Scene.swift */,
				C08B5BEC214A43EC00516866 /* ViewController.swift */,
				C08B5BEE214A43EC00516866 /* Main.storyboard */,
				C08B5BF1214A43ED00516866 /* Assets.xcassets */,
				C08B5BF3214A43ED00516866 /* LaunchScreen.storyboard */,
				C08B5BF6214A43ED00516866 /* Info.plist */,
				C08B5BFC214A5F4700516866 /* URLAnchor.swift */,
			);
			path = ARBookmarks;
			sourceTree = "<group>";
		};
/* End PBXGroup section */

/* Begin PBXNativeTarget section */
		C08B5BE2214A43EC00516866 /* ARBookmarks */ = {
			isa = PBXNativeTarget;
			buildConfigurationList = C08B5BF9214A43ED00516866 /* Build configuration list for PBXNativeTarget "ARBookmarks" */;
			buildPhases = (
				C08B5BDF214A43EC00516866 /* Sources */,
				C08B5BE0214A43EC00516866 /* Frameworks */,
				C08B5BE1214A43EC00516866 /* Resources */,
			);
			buildRules = (
			);
			dependencies = (
			);
			name = ARBookmarks;
			productName = ARBookmarks;
			productReference = C08B5BE3214A43EC00516866 /* ARBookmarks.app */;
			productType = "com.apple.product-type.application";
		};
/* End PBXNativeTarget section */

/* Begin PBXProject section */
		C08B5BDB214A43EC00516866 /* Project object */ = {
			isa = PBXProject;
			attributes = {
				LastSwiftUpdateCheck = 0940;
				LastUpgradeCheck = 0940;
				ORGANIZATIONNAME = "Shane Hudson";
				TargetAttributes = {
					C08B5BE2214A43EC00516866 = {
						CreatedOnToolsVersion = 9.4.1;
					};
				};
			};
			buildConfigurationList = C08B5BDE214A43EC00516866 /* Build configuration list for PBXProject "ARBookmarks" */;
			compatibilityVersion = "Xcode 9.3";
			developmentRegion = en;
			hasScannedForEncodings = 0;
			knownRegions = (
				en,
				Base,
			);
			mainGroup = C08B5BDA214A43EC00516866;
			productRefGroup = C08B5BE4214A43EC00516866 /* Products */;
			projectDirPath = "";
			projectRoot = "";
			targets = (
				C08B5BE2214A43EC00516866 /* ARBookmarks */,
			);
		};
/* End PBXProject section */

/* Begin PBXResourcesBuildPhase section */
		C08B5BE1214A43EC00516866 /* Resources */ = {
			isa = PBXResourcesBuildPhase;
			buildActionMask = 2147483647;
			files = (
				C08B5BF5214A43ED00516866 /* LaunchScreen.storyboard in Resources */,
				C08B5BF2214A43ED00516866 /* Assets.xcassets in Resources */,
				C08B5BF0214A43EC00516866 /* Main.storyboard in Resources */,
				C08A738E214AD07A0081DF13 /* Scene.sks in Resources */,
			);
			runOnlyForDeploymentPostprocessing = 0;
		};
/* End PBXResourcesBuildPhase section */

/* Begin PBXSourcesBuildPhase section */
		C08B5BDF214A43EC00516866 /* Sources */ = {
			isa = PBXSourcesBuildPhase;
			buildActionMask = 2147483647;
			files = (
				C08B5BFD214A5F4700516866 /* URLAnchor.swift in Sources */,
				C08B5BED214A43EC00516866 /* ViewController.swift in Sources */,
				C08B5BEB214A43EC00516866 /* Scene.swift in Sources */,
				C08B5BE7214A43EC00516866 /* AppDelegate.swift in Sources */,
			);
			runOnlyForDeploymentPostprocessing = 0;
		};
/* End PBXSourcesBuildPhase section */

/* Begin PBXVariantGroup section */
		C08B5BEE214A43EC00516866 /* Main.storyboard */ = {
			isa = PBXVariantGroup;
			children = (
				C08B5BEF214A43EC00516866 /* Base */,
			);
			name = Main.storyboard;
			sourceTree = "<group>";
		};
		C08B5BF3214A43ED00516866 /* LaunchScreen.storyboard */ = {
			isa = PBXVariantGroup;
			children = (
				C08B5BF4214A43ED00516866 /* Base */,
			);
			name = LaunchScreen.storyboard;
			sourceTree = "<group>";
		};
/* End PBXVariantGroup section */

/* Begin XCBuildConfiguration section */
		C08B5BF7214A43ED00516866 /* Debug */ = {
			isa = XCBuildConfiguration;
			buildSettings = {
				ALWAYS_SEARCH_USER_PATHS = NO;
				CLANG_ANALYZER_NONNULL = YES;
				CLANG_ANALYZER_NUMBER_OBJECT_CONVERSION = YES_AGGRESSIVE;
				CLANG_CXX_LANGUAGE_STANDARD = "gnu++14";
				CLANG_CXX_LIBRARY = "libc++";
				CLANG_ENABLE_MODULES = YES;
				CLANG_ENABLE_OBJC_ARC = YES;
				CLANG_ENABLE_OBJC_WEAK = YES;
				CLANG_WARN_BLOCK_CAPTURE_AUTORELEASING = YES;
				CLANG_WARN_BOOL_CONVERSION = YES;
				CLANG_WARN_COMMA = YES;
				CLANG_WARN_CONSTANT_CONVERSION = YES;
				CLANG_WARN_DEPRECATED_OBJC_IMPLEMENTATIONS = YES;
				CLANG_WARN_DIRECT_OBJC_ISA_USAGE = YES_ERROR;
				CLANG_WARN_DOCUMENTATION_COMMENTS = YES;
				CLANG_WARN_EMPTY_BODY = YES;
				CLANG_WARN_ENUM_CONVERSION = YES;
				CLANG_WARN_INFINITE_RECURSION = YES;
				CLANG_WARN_INT_CONVERSION = YES;
				CLANG_WARN_NON_LITERAL_NULL_CONVERSION = YES;
				CLANG_WARN_OBJC_IMPLICIT_RETAIN_SELF = YES;
				CLANG_WARN_OBJC_LITERAL_CONVERSION = YES;
				CLANG_WARN_OBJC_ROOT_CLASS = YES_ERROR;
				CLANG_WARN_RANGE_LOOP_ANALYSIS = YES;
				CLANG_WARN_STRICT_PROTOTYPES = YES;
				CLANG_WARN_SUSPICIOUS_MOVE = YES;
				CLANG_WARN_UNGUARDED_AVAILABILITY = YES_AGGRESSIVE;
				CLANG_WARN_UNREACHABLE_CODE = YES;
				CLANG_WARN__DUPLICATE_METHOD_MATCH = YES;
				CODE_SIGN_IDENTITY = "iPhone Developer";
				COPY_PHASE_STRIP = NO;
				DEBUG_INFORMATION_FORMAT = dwarf;
				ENABLE_STRICT_OBJC_MSGSEND = YES;
				ENABLE_TESTABILITY = YES;
				GCC_C_LANGUAGE_STANDARD = gnu11;
				GCC_DYNAMIC_NO_PIC = NO;
				GCC_NO_COMMON_BLOCKS = YES;
				GCC_OPTIMIZATION_LEVEL = 0;
				GCC_PREPROCESSOR_DEFINITIONS = (
					"DEBUG=1",
					"$(inherited)",
				);
				GCC_WARN_64_TO_32_BIT_CONVERSION = YES;
				GCC_WARN_ABOUT_RETURN_TYPE = YES_ERROR;
				GCC_WARN_UNDECLARED_SELECTOR = YES;
				GCC_WARN_UNINITIALIZED_AUTOS = YES_AGGRESSIVE;
				GCC_WARN_UNUSED_FUNCTION = YES;
				GCC_WARN_UNUSED_VARIABLE = YES;
				IPHONEOS_DEPLOYMENT_TARGET = 11.4;
				MTL_ENABLE_DEBUG_INFO = YES;
				ONLY_ACTIVE_ARCH = YES;
				SDKROOT = iphoneos;
				SWIFT_ACTIVE_COMPILATION_CONDITIONS = DEBUG;
				SWIFT_OPTIMIZATION_LEVEL = "-Onone";
			};
			name = Debug;
		};
		C08B5BF8214A43ED00516866 /* Release */ = {
			isa = XCBuildConfiguration;
			buildSettings = {
				ALWAYS_SEARCH_USER_PATHS = NO;
				CLANG_ANALYZER_NONNULL = YES;
				CLANG_ANALYZER_NUMBER_OBJECT_CONVERSION = YES_AGGRESSIVE;
				CLANG_CXX_LANGUAGE_STANDARD = "gnu++14";
				CLANG_CXX_LIBRARY = "libc++";
				CLANG_ENABLE_MODULES = YES;
				CLANG_ENABLE_OBJC_ARC = YES;
				CLANG_ENABLE_OBJC_WEAK = YES;
				CLANG_WARN_BLOCK_CAPTURE_AUTORELEASING = YES;
				CLANG_WARN_BOOL_CONVERSION = YES;
				CLANG_WARN_COMMA = YES;
				CLANG_WARN_CONSTANT_CONVERSION = YES;
				CLANG_WARN_DEPRECATED_OBJC_IMPLEMENTATIONS = YES;
				CLANG_WARN_DIRECT_OBJC_ISA_USAGE = YES_ERROR;
				CLANG_WARN_DOCUMENTATION_COMMENTS = YES;
				CLANG_WARN_EMPTY_BODY = YES;
				CLANG_WARN_ENUM_CONVERSION = YES;
				CLANG_WARN_INFINITE_RECURSION = YES;
				CLANG_WARN_INT_CONVERSION = YES;
				CLANG_WARN_NON_LITERAL_NULL_CONVERSION = YES;
				CLANG_WARN_OBJC_IMPLICIT_RETAIN_SELF = YES;
				CLANG_WARN_OBJC_LITERAL_CONVERSION = YES;
				CLANG_WARN_OBJC_ROOT_CLASS = YES_ERROR;
				CLANG_WARN_RANGE_LOOP_ANALYSIS = YES;
				CLANG_WARN_STRICT_PROTOTYPES = YES;
				CLANG_WARN_SUSPICIOUS_MOVE = YES;
				CLANG_WARN_UNGUARDED_AVAILABILITY = YES_AGGRESSIVE;
				CLANG_WARN_UNREACHABLE_CODE = YES;
				CLANG_WARN__DUPLICATE_METHOD_MATCH = YES;
				CODE_SIGN_IDENTITY = "iPhone Developer";
				COPY_PHASE_STRIP = NO;
				DEBUG_INFORMATION_FORMAT = "dwarf-with-dsym";
				ENABLE_NS_ASSERTIONS = NO;
				ENABLE_STRICT_OBJC_MSGSEND = YES;
				GCC_C_LANGUAGE_STANDARD = gnu11;
				GCC_NO_COMMON_BLOCKS = YES;
				GCC_WARN_64_TO_32_BIT_CONVERSION = YES;
				GCC_WARN_ABOUT_RETURN_TYPE = YES_ERROR;
				GCC_WARN_UNDECLARED_SELECTOR = YES;
				GCC_WARN_UNINITIALIZED_AUTOS = YES_AGGRESSIVE;
				GCC_WARN_UNUSED_FUNCTION = YES;
				GCC_WARN_UNUSED_VARIABLE = YES;
				IPHONEOS_DEPLOYMENT_TARGET = 11.4;
				MTL_ENABLE_DEBUG_INFO = NO;
				SDKROOT = iphoneos;
				SWIFT_COMPILATION_MODE = wholemodule;
				SWIFT_OPTIMIZATION_LEVEL = "-O";
				VALIDATE_PRODUCT = YES;
			};
			name = Release;
		};
		C08B5BFA214A43ED00516866 /* Debug */ = {
			isa = XCBuildConfiguration;
			buildSettings = {
				ASSETCATALOG_COMPILER_APPICON_NAME = AppIcon;
				CODE_SIGN_STYLE = Automatic;
				DEVELOPMENT_TEAM = G3CVB4GGF4;
				INFOPLIST_FILE = ARBookmarks/Info.plist;
				LD_RUNPATH_SEARCH_PATHS = (
					"$(inherited)",
					"@executable_path/Frameworks",
				);
				PRODUCT_BUNDLE_IDENTIFIER = net.shanehudson.ARBookmarks;
				PRODUCT_NAME = "$(TARGET_NAME)";
				SWIFT_VERSION = 4.0;
				TARGETED_DEVICE_FAMILY = "1,2";
			};
			name = Debug;
		};
		C08B5BFB214A43ED00516866 /* Release */ = {
			isa = XCBuildConfiguration;
			buildSettings = {
				ASSETCATALOG_COMPILER_APPICON_NAME = AppIcon;
				CODE_SIGN_STYLE = Automatic;
				DEVELOPMENT_TEAM = G3CVB4GGF4;
				INFOPLIST_FILE = ARBookmarks/Info.plist;
				LD_RUNPATH_SEARCH_PATHS = (
					"$(inherited)",
					"@executable_path/Frameworks",
				);
				PRODUCT_BUNDLE_IDENTIFIER = net.shanehudson.ARBookmarks;
				PRODUCT_NAME = "$(TARGET_NAME)";
				SWIFT_VERSION = 4.0;
				TARGETED_DEVICE_FAMILY = "1,2";
			};
			name = Release;
		};
/* End XCBuildConfiguration section */

/* Begin XCConfigurationList section */
		C08B5BDE214A43EC00516866 /* Build configuration list for PBXProject "ARBookmarks" */ = {
			isa = XCConfigurationList;
			buildConfigurations = (
				C08B5BF7214A43ED00516866 /* Debug */,
				C08B5BF8214A43ED00516866 /* Release */,
			);
			defaultConfigurationIsVisible = 0;
			defaultConfigurationName = Release;
		};
		C08B5BF9214A43ED00516866 /* Build configuration list for PBXNativeTarget "ARBookmarks" */ = {
			isa = XCConfigurationList;
			buildConfigurations = (
				C08B5BFA214A43ED00516866 /* Debug */,
				C08B5BFB214A43ED00516866 /* Release */,
			);
			defaultConfigurationIsVisible = 0;
			defaultConfigurationName = Release;
		};
/* End XCConfigurationList section */
	};
	rootObject = C08B5BDB214A43EC00516866 /* Project object */;
}
